
Microsoft Visual Studio Solution File, Format Version 12.00
# Visual Studio 14
VisualStudioVersion = 14.0.25420.1
MinimumVisualStudioVersion = 10.0.40219.1
Project("{FAE04EC0-301F-11D3-BF4B-00C04F79EFBC}") = "WebApi_Demo_01", "WebApi_Demo_01\WebApi_Demo_01.csproj", "{030A05F3-11D0-4EF6-B716-D62A40FD7221}"
EndProject
Project("{FAE04EC0-301F-11D3-BF4B-00C04F79EFBC}") = "DAL", "DAL\DAL.csproj", "{A2047BA6-6172-47B0-B0BD-66D7448A1A7B}"
EndProject
Global
	GlobalSection(SolutionConfigurationPlatforms) = preSolution
		Debug|Any CPU = Debug|Any CPU
		Release|Any CPU = Release|Any CPU
	EndGlobalSection
	GlobalSection(ProjectConfigurationPlatforms) = postSolution
		{030A05F3-11D0-4EF6-B716-D62A40FD7221}.Debug|Any CPU.ActiveCfg = Debug|Any CPU
		{030A05F3-11D0-4EF6-B716-D62A40FD7221}.Debug|Any CPU.Build.0 = Debug|Any CPU
		{030A05F3-11D0-4EF6-B716-D62A40FD7221}.Release|Any CPU.ActiveCfg = Release|Any CPU
		{030A05F3-11D0-4EF6-B716-D62A40FD7221}.Release|Any CPU.Build.0 = Release|Any CPU
		{A2047BA6-6172-47B0-B0BD-66D7448A1A7B}.Debug|Any CPU.ActiveCfg = Debug|Any CPU
		{A2047BA6-6172-47B0-B0BD-66D7448A1A7B}.Debug|Any CPU.Build.0 = Debug|Any CPU
		{A2047BA6-6172-47B0-B0BD-66D7448A1A7B}.Release|Any CPU.ActiveCfg = Release|Any CPU
		{A2047BA6-6172-47B0-B0BD-66D7448A1A7B}.Release|Any CPU.Build.0 = Release|Any CPU
	EndGlobalSection
	GlobalSection(SolutionProperties) = preSolution
		HideSolutionNode = FALSE
	EndGlobalSection
	GlobalSection(ExtensibilityGlobals) = postSolution
		SolutionGuid = {67BC9468-4298-4D82-B57B-1B85ED14FC29}
	EndGlobalSection
EndGlobal
